Microsoft Visual Studio Solution File, Format Version 7.00
Project("{8BC9CEB8-8B4A-11D0-8D11-00A0C91BC942}") = "AbiFmt", "AbiFmt.vcproj", "{FE6ED3A9-4F10-4FB6-84A8-F5027CD4F050}"
EndProject
Project("{8BC9CEB8-8B4A-11D0-8D11-00A0C91BC942}") = "AbiGr", "AbiGr.vcproj", "{17397ED5-0DC5-452E-85CF-942E121ABC4B}"
EndProject
Project("{8BC9CEB8-8B4A-11D0-8D11-00A0C91BC942}") = "AbiImpExp", "AbiImpExp.vcproj", "{1678F14C-8444-4045-A975-64B04A64B4C6}"
EndProject
Project("{8BC9CEB8-8B4A-11D0-8D11-00A0C91BC942}") = "AbiPTbl", "AbiPTbl.vcproj", "{29C242AD-B0DA-49F7-AB37-BE991C1A30D5}"
EndProject
Project("{8BC9CEB8-8B4A-11D0-8D11-00A0C91BC942}") = "AbiSpell", "AbiSpell.vcproj", "{234D9BB2-A2E3-4745-8378-92F3F356692A}"
EndProject
Project("{8BC9CEB8-8B4A-11D0-8D11-00A0C91BC942}") = "AbiUtil", "AbiUtil.vcproj", "{AFCD842F-E4BE-46D2-9D02-9B7B47D7E257}"
EndProject
Project("{8BC9CEB8-8B4A-11D0-8D11-00A0C91BC942}") = "AbiWPAp", "AbiWPAp.vcproj", "{D610A4C8-FEFD-4592-9B25-F3DD6960279C}"
EndProject
Project("{8BC9CEB8-8B4A-11D0-8D11-00A0C91BC942}") = "AbiWord", "AbiWord.vcproj", "{C89BC1E0-82E8-471D-A76A-85C74E55094E}"
EndProject
Project("{8BC9CEB8-8B4A-11D0-8D11-00A0C91BC942}") = "AbiWordVer", "AbiWordVer.vcproj", "{8A8647DA-F6CC-42BB-8C52-026A3F09DC65}"
EndProject
Project("{8BC9CEB8-8B4A-11D0-8D11-00A0C91BC942}") = "AbiXap", "AbiXap.vcproj", "{35ADDE43-4305-497D-8959-C05AE228CB14}"
EndProject
Project("{8BC9CEB8-8B4A-11D0-8D11-00A0C91BC942}") = "aiksaurus", "libaiksaurus.vcproj", "{84ED71D7-52EF-4D93-AF2E-CAC45A967CC0}"
EndProject
Project("{8BC9CEB8-8B4A-11D0-8D11-00A0C91BC942}") = "expat", "expat.vcproj", "{5EC46AF1-E5E3-457E-B70D-CA171D6A85FF}"
EndProject
Project("{8BC9CEB8-8B4A-11D0-8D11-00A0C91BC942}") = "fribidi", "fribidi.vcproj", "{E7987517-8EED-40F4-9C0D-C2D30BF9996D}"
EndProject
Project("{8BC9CEB8-8B4A-11D0-8D11-00A0C91BC942}") = "libiconv", "libiconv.vcproj", "{07343842-3019-46D7-BF1E-B59756BD6C84}"
EndProject
Project("{8BC9CEB8-8B4A-11D0-8D11-00A0C91BC942}") = "libpng", "libpng.vcproj", "{0DBE5AEE-5DA9-414B-BB35-62A33D6512CE}"
EndProject
Project("{8BC9CEB8-8B4A-11D0-8D11-00A0C91BC942}") = "libpsiconv", "libpsiconv.vcproj", "{973533E5-3C52-4A1D-9E5A-BE629C65943C}"
EndProject
Project("{8BC9CEB8-8B4A-11D0-8D11-00A0C91BC942}") = "popt", "popt.vcproj", "{5A43EC6A-C4D2-49A4-BADF-FE1FC10B8EE6}"
EndProject
Project("{8BC9CEB8-8B4A-11D0-8D11-00A0C91BC942}") = "src_from_PNG", "src_from_PNG.vcproj", "{78901463-D9E1-428D-9E54-E94E6F495D96}"
EndProject
Project("{8BC9CEB8-8B4A-11D0-8D11-00A0C91BC942}") = "tools_cdump", "tools_cdump.vcproj", "{3112C70C-1FF0-4FCB-A059-BA696C669E9F}"
EndProject
Project("{8BC9CEB8-8B4A-11D0-8D11-00A0C91BC942}") = "wv", "wv.vcproj", "{0FEFBD06-9EDA-406E-92D3-648FFD7FE910}"
EndProject
Project("{8BC9CEB8-8B4A-11D0-8D11-00A0C91BC942}") = "zlib", "zlib.vcproj", "{E85B2191-E94D-4573-A3CA-2625A31EB740}"
EndProject
Project("{8BC9CEB8-8B4A-11D0-8D11-00A0C91BC942}") = "tablet", "..\tablet\tablet.vcproj", "{922ECBCE-D969-408A-BF6F-16D976D6CC73}"
EndProject
Project("{8BC9CEB8-8B4A-11D0-8D11-00A0C91BC942}") = "AbiEv", "AbiEv.vcproj", "{5339E7C1-6BB7-4A87-9358-C5221B6E9CFC}"
EndProject
Global
	GlobalSection(SolutionConfiguration) = preSolution
		ConfigName.0 = Debug
		ConfigName.1 = Release
	EndGlobalSection
	GlobalSection(ProjectDependencies) = postSolution
		{17397ED5-0DC5-452E-85CF-942E121ABC4B}.0 = {922ECBCE-D969-408A-BF6F-16D976D6CC73}
		{1678F14C-8444-4045-A975-64B04A64B4C6}.0 = {17397ED5-0DC5-452E-85CF-942E121ABC4B}
		{C89BC1E0-82E8-471D-A76A-85C74E55094E}.0 = {FE6ED3A9-4F10-4FB6-84A8-F5027CD4F050}
		{C89BC1E0-82E8-471D-A76A-85C74E55094E}.1 = {17397ED5-0DC5-452E-85CF-942E121ABC4B}
		{C89BC1E0-82E8-471D-A76A-85C74E55094E}.2 = {922ECBCE-D969-408A-BF6F-16D976D6CC73}
		{C89BC1E0-82E8-471D-A76A-85C74E55094E}.3 = {5339E7C1-6BB7-4A87-9358-C5221B6E9CFC}
		{C89BC1E0-82E8-471D-A76A-85C74E55094E}.4 = {5A43EC6A-C4D2-49A4-BADF-FE1FC10B8EE6}
		{C89BC1E0-82E8-471D-A76A-85C74E55094E}.5 = {E7987517-8EED-40F4-9C0D-C2D30BF9996D}
		{C89BC1E0-82E8-471D-A76A-85C74E55094E}.6 = {E85B2191-E94D-4573-A3CA-2625A31EB740}
		{C89BC1E0-82E8-471D-A76A-85C74E55094E}.7 = {0DBE5AEE-5DA9-414B-BB35-62A33D6512CE}
		{C89BC1E0-82E8-471D-A76A-85C74E55094E}.8 = {78901463-D9E1-428D-9E54-E94E6F495D96}
		{C89BC1E0-82E8-471D-A76A-85C74E55094E}.9 = {0FEFBD06-9EDA-406E-92D3-648FFD7FE910}
		{C89BC1E0-82E8-471D-A76A-85C74E55094E}.10 = {07343842-3019-46D7-BF1E-B59756BD6C84}
		{C89BC1E0-82E8-471D-A76A-85C74E55094E}.11 = {5EC46AF1-E5E3-457E-B70D-CA171D6A85FF}
		{C89BC1E0-82E8-471D-A76A-85C74E55094E}.12 = {35ADDE43-4305-497D-8959-C05AE228CB14}
		{C89BC1E0-82E8-471D-A76A-85C74E55094E}.13 = {D610A4C8-FEFD-4592-9B25-F3DD6960279C}
		{C89BC1E0-82E8-471D-A76A-85C74E55094E}.14 = {8A8647DA-F6CC-42BB-8C52-026A3F09DC65}
		{C89BC1E0-82E8-471D-A76A-85C74E55094E}.15 = {AFCD842F-E4BE-46D2-9D02-9B7B47D7E257}
		{C89BC1E0-82E8-471D-A76A-85C74E55094E}.16 = {234D9BB2-A2E3-4745-8378-92F3F356692A}
		{C89BC1E0-82E8-471D-A76A-85C74E55094E}.17 = {29C242AD-B0DA-49F7-AB37-BE991C1A30D5}
		{C89BC1E0-82E8-471D-A76A-85C74E55094E}.18 = {1678F14C-8444-4045-A975-64B04A64B4C6}
		{78901463-D9E1-428D-9E54-E94E6F495D96}.0 = {3112C70C-1FF0-4FCB-A059-BA696C669E9F}
	EndGlobalSection
	GlobalSection(ProjectConfiguration) = postSolution
		{FE6ED3A9-4F10-4FB6-84A8-F5027CD4F050}.Debug.ActiveCfg = Debug|Win32
		{FE6ED3A9-4F10-4FB6-84A8-F5027CD4F050}.Debug.Build.0 = Debug|Win32
		{FE6ED3A9-4F10-4FB6-84A8-F5027CD4F050}.Release.ActiveCfg = Release|Win32
		{FE6ED3A9-4F10-4FB6-84A8-F5027CD4F050}.Release.Build.0 = Release|Win32
		{17397ED5-0DC5-452E-85CF-942E121ABC4B}.Debug.ActiveCfg = Debug|Win32
		{17397ED5-0DC5-452E-85CF-942E121ABC4B}.Debug.Build.0 = Debug|Win32
		{17397ED5-0DC5-452E-85CF-942E121ABC4B}.Release.ActiveCfg = Release|Win32
		{17397ED5-0DC5-452E-85CF-942E121ABC4B}.Release.Build.0 = Release|Win32
		{1678F14C-8444-4045-A975-64B04A64B4C6}.Debug.ActiveCfg = Debug|Win32
		{1678F14C-8444-4045-A975-64B04A64B4C6}.Debug.Build.0 = Debug|Win32
		{1678F14C-8444-4045-A975-64B04A64B4C6}.Release.ActiveCfg = Release|Win32
		{1678F14C-8444-4045-A975-64B04A64B4C6}.Release.Build.0 = Release|Win32
		{29C242AD-B0DA-49F7-AB37-BE991C1A30D5}.Debug.ActiveCfg = Debug|Win32
		{29C242AD-B0DA-49F7-AB37-BE991C1A30D5}.Debug.Build.0 = Debug|Win32
		{29C242AD-B0DA-49F7-AB37-BE991C1A30D5}.Release.ActiveCfg = Release|Win32
		{29C242AD-B0DA-49F7-AB37-BE991C1A30D5}.Release.Build.0 = Release|Win32
		{234D9BB2-A2E3-4745-8378-92F3F356692A}.Debug.ActiveCfg = Debug|Win32
		{234D9BB2-A2E3-4745-8378-92F3F356692A}.Debug.Build.0 = Debug|Win32
		{234D9BB2-A2E3-4745-8378-92F3F356692A}.Release.ActiveCfg = Release|Win32
		{234D9BB2-A2E3-4745-8378-92F3F356692A}.Release.Build.0 = Release|Win32
		{AFCD842F-E4BE-46D2-9D02-9B7B47D7E257}.Debug.ActiveCfg = Debug|Win32
		{AFCD842F-E4BE-46D2-9D02-9B7B47D7E257}.Debug.Build.0 = Debug|Win32
		{AFCD842F-E4BE-46D2-9D02-9B7B47D7E257}.Release.ActiveCfg = Release|Win32
		{AFCD842F-E4BE-46D2-9D02-9B7B47D7E257}.Release.Build.0 = Release|Win32
		{D610A4C8-FEFD-4592-9B25-F3DD6960279C}.Debug.ActiveCfg = Debug|Win32
		{D610A4C8-FEFD-4592-9B25-F3DD6960279C}.Debug.Build.0 = Debug|Win32
		{D610A4C8-FEFD-4592-9B25-F3DD6960279C}.Release.ActiveCfg = Release|Win32
		{D610A4C8-FEFD-4592-9B25-F3DD6960279C}.Release.Build.0 = Release|Win32
		{C89BC1E0-82E8-471D-A76A-85C74E55094E}.Debug.ActiveCfg = Debug|Win32
		{C89BC1E0-82E8-471D-A76A-85C74E55094E}.Debug.Build.0 = Debug|Win32
		{C89BC1E0-82E8-471D-A76A-85C74E55094E}.Release.ActiveCfg = Release|Win32
		{C89BC1E0-82E8-471D-A76A-85C74E55094E}.Release.Build.0 = Release|Win32
		{8A8647DA-F6CC-42BB-8C52-026A3F09DC65}.Debug.ActiveCfg = Debug|Win32
		{8A8647DA-F6CC-42BB-8C52-026A3F09DC65}.Debug.Build.0 = Debug|Win32
		{8A8647DA-F6CC-42BB-8C52-026A3F09DC65}.Release.ActiveCfg = Release|Win32
		{8A8647DA-F6CC-42BB-8C52-026A3F09DC65}.Release.Build.0 = Release|Win32
		{35ADDE43-4305-497D-8959-C05AE228CB14}.Debug.ActiveCfg = Debug|Win32
		{35ADDE43-4305-497D-8959-C05AE228CB14}.Debug.Build.0 = Debug|Win32
		{35ADDE43-4305-497D-8959-C05AE228CB14}.Release.ActiveCfg = Release|Win32
		{35ADDE43-4305-497D-8959-C05AE228CB14}.Release.Build.0 = Release|Win32
		{84ED71D7-52EF-4D93-AF2E-CAC45A967CC0}.Debug.ActiveCfg = Debug|Win32
		{84ED71D7-52EF-4D93-AF2E-CAC45A967CC0}.Release.ActiveCfg = Release|Win32
		{5EC46AF1-E5E3-457E-B70D-CA171D6A85FF}.Debug.ActiveCfg = Debug|Win32
		{5EC46AF1-E5E3-457E-B70D-CA171D6A85FF}.Debug.Build.0 = Debug|Win32
		{5EC46AF1-E5E3-457E-B70D-CA171D6A85FF}.Release.ActiveCfg = Release|Win32
		{5EC46AF1-E5E3-457E-B70D-CA171D6A85FF}.Release.Build.0 = Release|Win32
		{E7987517-8EED-40F4-9C0D-C2D30BF9996D}.Debug.ActiveCfg = Debug|Win32
		{E7987517-8EED-40F4-9C0D-C2D30BF9996D}.Debug.Build.0 = Debug|Win32
		{E7987517-8EED-40F4-9C0D-C2D30BF9996D}.Release.ActiveCfg = Release|Win32
		{E7987517-8EED-40F4-9C0D-C2D30BF9996D}.Release.Build.0 = Release|Win32
		{07343842-3019-46D7-BF1E-B59756BD6C84}.Debug.ActiveCfg = Debug|Win32
		{07343842-3019-46D7-BF1E-B59756BD6C84}.Debug.Build.0 = Debug|Win32
		{07343842-3019-46D7-BF1E-B59756BD6C84}.Release.ActiveCfg = Release|Win32
		{07343842-3019-46D7-BF1E-B59756BD6C84}.Release.Build.0 = Release|Win32
		{0DBE5AEE-5DA9-414B-BB35-62A33D6512CE}.Debug.ActiveCfg = Debug|Win32
		{0DBE5AEE-5DA9-414B-BB35-62A33D6512CE}.Debug.Build.0 = Debug|Win32
		{0DBE5AEE-5DA9-414B-BB35-62A33D6512CE}.Release.ActiveCfg = Release|Win32
		{0DBE5AEE-5DA9-414B-BB35-62A33D6512CE}.Release.Build.0 = Release|Win32
		{973533E5-3C52-4A1D-9E5A-BE629C65943C}.Debug.ActiveCfg = Debug|Win32
		{973533E5-3C52-4A1D-9E5A-BE629C65943C}.Release.ActiveCfg = Release|Win32
		{5A43EC6A-C4D2-49A4-BADF-FE1FC10B8EE6}.Debug.ActiveCfg = Debug|Win32
		{5A43EC6A-C4D2-49A4-BADF-FE1FC10B8EE6}.Debug.Build.0 = Debug|Win32
		{5A43EC6A-C4D2-49A4-BADF-FE1FC10B8EE6}.Release.ActiveCfg = Release|Win32
		{5A43EC6A-C4D2-49A4-BADF-FE1FC10B8EE6}.Release.Build.0 = Release|Win32
		{78901463-D9E1-428D-9E54-E94E6F495D96}.Debug.ActiveCfg = Debug|Win32
		{78901463-D9E1-428D-9E54-E94E6F495D96}.Debug.Build.0 = Debug|Win32
		{78901463-D9E1-428D-9E54-E94E6F495D96}.Release.ActiveCfg = Release|Win32
		{78901463-D9E1-428D-9E54-E94E6F495D96}.Release.Build.0 = Release|Win32
		{3112C70C-1FF0-4FCB-A059-BA696C669E9F}.Debug.ActiveCfg = Debug|Win32
		{3112C70C-1FF0-4FCB-A059-BA696C669E9F}.Debug.Build.0 = Debug|Win32
		{3112C70C-1FF0-4FCB-A059-BA696C669E9F}.Release.ActiveCfg = Release|Win32
		{3112C70C-1FF0-4FCB-A059-BA696C669E9F}.Release.Build.0 = Release|Win32
		{0FEFBD06-9EDA-406E-92D3-648FFD7FE910}.Debug.ActiveCfg = Debug|Win32
		{0FEFBD06-9EDA-406E-92D3-648FFD7FE910}.Debug.Build.0 = Debug|Win32
		{0FEFBD06-9EDA-406E-92D3-648FFD7FE910}.Release.ActiveCfg = Release|Win32
		{0FEFBD06-9EDA-406E-92D3-648FFD7FE910}.Release.Build.0 = Release|Win32
		{E85B2191-E94D-4573-A3CA-2625A31EB740}.Debug.ActiveCfg = Debug|Win32
		{E85B2191-E94D-4573-A3CA-2625A31EB740}.Debug.Build.0 = Debug|Win32
		{E85B2191-E94D-4573-A3CA-2625A31EB740}.Release.ActiveCfg = Release|Win32
		{E85B2191-E94D-4573-A3CA-2625A31EB740}.Release.Build.0 = Release|Win32
		{922ECBCE-D969-408A-BF6F-16D976D6CC73}.Debug.ActiveCfg = Debug|Win32
		{922ECBCE-D969-408A-BF6F-16D976D6CC73}.Release.ActiveCfg = Release|Win32
		{5339E7C1-6BB7-4A87-9358-C5221B6E9CFC}.Debug.ActiveCfg = Debug|Win32
		{5339E7C1-6BB7-4A87-9358-C5221B6E9CFC}.Debug.Build.0 = Debug|Win32
		{5339E7C1-6BB7-4A87-9358-C5221B6E9CFC}.Release.ActiveCfg = Release|Win32
		{5339E7C1-6BB7-4A87-9358-C5221B6E9CFC}.Release.Build.0 = Release|Win32
	EndGlobalSection
	GlobalSection(ExtensibilityGlobals) = postSolution
	EndGlobalSection
	GlobalSection(ExtensibilityAddIns) = postSolution
	EndGlobalSection
EndGlobal
